// !$*UTF8*$!
{
	archiveVersion = 1;
	classes = {
	};
	objectVersion = 56;
	objects = {

/* Begin PBXBuildFile section */
		4AB3C4622C00EC0A00F19487 /* StorageManager.swift in Sources */ = {isa = PBXBuildFile; fileRef = 4AB3C4612C00EC0A00F19487 /* StorageManager.swift */; };
		4AE637662BFFBC0A0073CC9D /* SnakeApp.swift in Sources */ = {isa = PBXBuildFile; fileRef = 4AE637652BFFBC0A0073CC9D /* SnakeApp.swift */; };
		4AE637682BFFBC0A0073CC9D /* GameView.swift in Sources */ = {isa = PBXBuildFile; fileRef = 4AE637672BFFBC0A0073CC9D /* GameView.swift */; };
		4AE6376A2BFFBC0B0073CC9D /* Assets.xcassets in Resources */ = {isa = PBXBuildFile; fileRef = 4AE637692BFFBC0B0073CC9D /* Assets.xcassets */; };
		4AE6376E2BFFBC0B0073CC9D /* Preview Assets.xcassets in Resources */ = {isa = PBXBuildFile; fileRef = 4AE6376D2BFFBC0B0073CC9D /* Preview Assets.xcassets */; };
		4AE637782BFFBC0B0073CC9D /* SnakeTests.swift in Sources */ = {isa = PBXBuildFile; fileRef = 4AE637772BFFBC0B0073CC9D /* SnakeTests.swift */; };
		4AE637822BFFBC0B0073CC9D /* SnakeUITests.swift in Sources */ = {isa = PBXBuildFile; fileRef = 4AE637812BFFBC0B0073CC9D /* SnakeUITests.swift */; };
		4AE637842BFFBC0B0073CC9D /* SnakeUITestsLaunchTests.swift in Sources */ = {isa = PBXBuildFile; fileRef = 4AE637832BFFBC0B0073CC9D /* SnakeUITestsLaunchTests.swift */; };
		4AE637912BFFCAF90073CC9D /* GameViewViewModel.swift in Sources */ = {isa = PBXBuildFile; fileRef = 4AE637902BFFCAF90073CC9D /* GameViewViewModel.swift */; };
/* End PBXBuildFile section */

/* Begin PBXContainerItemProxy section */
		4AE637742BFFBC0B0073CC9D /* PBXContainerItemProxy */ = {
			isa = PBXContainerItemProxy;
			containerPortal = 4AE6375A2BFFBC0A0073CC9D /* Project object */;
			proxyType = 1;
			remoteGlobalIDString = 4AE637612BFFBC0A0073CC9D;
			remoteInfo = Snake;
		};
		4AE6377E2BFFBC0B0073CC9D /* PBXContainerItemProxy */ = {
			isa = PBXContainerItemProxy;
			containerPortal = 4AE6375A2BFFBC0A0073CC9D /* Project object */;
			proxyType = 1;
			remoteGlobalIDString = 4AE637612BFFBC0A0073CC9D;
			remoteInfo = Snake;
		};
/* End PBXContainerItemProxy section */

/* Begin PBXFileReference section */
		4AB3C4612C00EC0A00F19487 /* StorageManager.swift */ = {isa = PBXFileReference; lastKnownFileType = sourcecode.swift; path = StorageManager.swift; sourceTree = "<group>"; };
		4AE637622BFFBC0A0073CC9D /* Snake.app */ = {isa = PBXFileReference; explicitFileType = wrapper.application; includeInIndex = 0; path = Snake.app; sourceTree = BUILT_PRODUCTS_DIR; };
		4AE637652BFFBC0A0073CC9D /* SnakeApp.swift */ = {isa = PBXFileReference; lastKnownFileType = sourcecode.swift; path = SnakeApp.swift; sourceTree = "<group>"; };
		4AE637672BFFBC0A0073CC9D /* GameView.swift */ = {isa = PBXFileReference; lastKnownFileType = sourcecode.swift; path = GameView.swift; sourceTree = "<group>"; };
		4AE637692BFFBC0B0073CC9D /* Assets.xcassets */ = {isa = PBXFileReference; lastKnownFileType = folder.assetcatalog; path = Assets.xcassets; sourceTree = "<group>"; };
		4AE6376B2BFFBC0B0073CC9D /* Snake.entitlements */ = {isa = PBXFileReference; lastKnownFileType = text.plist.entitlements; path = Snake.entitlements; sourceTree = "<group>"; };
		4AE6376D2BFFBC0B0073CC9D /* Preview Assets.xcassets */ = {isa = PBXFileReference; lastKnownFileType = folder.assetcatalog; path = "Preview Assets.xcassets"; sourceTree = "<group>"; };
		4AE637732BFFBC0B0073CC9D /* SnakeTests.xctest */ = {isa = PBXFileReference; explicitFileType = wrapper.cfbundle; includeInIndex = 0; path = SnakeTests.xctest; sourceTree = BUILT_PRODUCTS_DIR; };
		4AE637772BFFBC0B0073CC9D /* SnakeTests.swift */ = {isa = PBXFileReference; lastKnownFileType = sourcecode.swift; path = SnakeTests.swift; sourceTree = "<group>"; };
		4AE6377D2BFFBC0B0073CC9D /* SnakeUITests.xctest */ = {isa = PBXFileReference; explicitFileType = wrapper.cfbundle; includeInIndex = 0; path = SnakeUITests.xctest; sourceTree = BUILT_PRODUCTS_DIR; };
		4AE637812BFFBC0B0073CC9D /* SnakeUITests.swift */ = {isa = PBXFileReference; lastKnownFileType = sourcecode.swift; path = SnakeUITests.swift; sourceTree = "<group>"; };
		4AE637832BFFBC0B0073CC9D /* SnakeUITestsLaunchTests.swift */ = {isa = PBXFileReference; lastKnownFileType = sourcecode.swift; path = SnakeUITestsLaunchTests.swift; sourceTree = "<group>"; };
		4AE637902BFFCAF90073CC9D /* GameViewViewModel.swift */ = {isa = PBXFileReference; lastKnownFileType = sourcecode.swift; path = GameViewViewModel.swift; sourceTree = "<group>"; };
/* End PBXFileReference section */

/* Begin PBXFrameworksBuildPhase section */
		4AE6375F2BFFBC0A0073CC9D /* Frameworks */ = {
			isa = PBXFrameworksBuildPhase;
			buildActionMask = 2147483647;
			files = (
			);
			runOnlyForDeploymentPostprocessing = 0;
		};
		4AE637702BFFBC0B0073CC9D /* Frameworks */ = {
			isa = PBXFrameworksBuildPhase;
			buildActionMask = 2147483647;
			files = (
			);
			runOnlyForDeploymentPostprocessing = 0;
		};
		4AE6377A2BFFBC0B0073CC9D /* Frameworks */ = {
			isa = PBXFrameworksBuildPhase;
			buildActionMask = 2147483647;
			files = (
			);
			runOnlyForDeploymentPostprocessing = 0;
		};
/* End PBXFrameworksBuildPhase section */

/* Begin PBXGroup section */
		4AE637592BFFBC0A0073CC9D = {
			isa = PBXGroup;
			children = (
				4AE637642BFFBC0A0073CC9D /* Snake */,
				4AE637762BFFBC0B0073CC9D /* SnakeTests */,
				4AE637802BFFBC0B0073CC9D /* SnakeUITests */,
				4AE637632BFFBC0A0073CC9D /* Products */,
			);
			sourceTree = "<group>";
		};
		4AE637632BFFBC0A0073CC9D /* Products */ = {
			isa = PBXGroup;
			children = (
				4AE637622BFFBC0A0073CC9D /* Snake.app */,
				4AE637732BFFBC0B0073CC9D /* SnakeTests.xctest */,
				4AE6377D2BFFBC0B0073CC9D /* SnakeUITests.xctest */,
			);
			name = Products;
			sourceTree = "<group>";
		};
		4AE637642BFFBC0A0073CC9D /* Snake */ = {
			isa = PBXGroup;
			children = (
				4AB3C4612C00EC0A00F19487 /* StorageManager.swift */,
				4AE637652BFFBC0A0073CC9D /* SnakeApp.swift */,
				4AE637672BFFBC0A0073CC9D /* GameView.swift */,
				4AE637902BFFCAF90073CC9D /* GameViewViewModel.swift */,
				4AE637692BFFBC0B0073CC9D /* Assets.xcassets */,
				4AE6376B2BFFBC0B0073CC9D /* Snake.entitlements */,
				4AE6376C2BFFBC0B0073CC9D /* Preview Content */,
			);
			path = Snake;
			sourceTree = "<group>";
		};
		4AE6376C2BFFBC0B0073CC9D /* Preview Content */ = {
			isa = PBXGroup;
			children = (
				4AE6376D2BFFBC0B0073CC9D /* Preview Assets.xcassets */,
			);
			path = "Preview Content";
			sourceTree = "<group>";
		};
		4AE637762BFFBC0B0073CC9D /* SnakeTests */ = {
			isa = PBXGroup;
			children = (
				4AE637772BFFBC0B0073CC9D /* SnakeTests.swift */,
			);
			path = SnakeTests;
			sourceTree = "<group>";
		};
		4AE637802BFFBC0B0073CC9D /* SnakeUITests */ = {
			isa = PBXGroup;
			children = (
				4AE637812BFFBC0B0073CC9D /* SnakeUITests.swift */,
				4AE637832BFFBC0B0073CC9D /* SnakeUITestsLaunchTests.swift */,
			);
			path = SnakeUITests;
			sourceTree = "<group>";
		};
/* End PBXGroup section */

/* Begin PBXNativeTarget section */
		4AE637612BFFBC0A0073CC9D /* Snake */ = {
			isa = PBXNativeTarget;
			buildConfigurationList = 4AE637872BFFBC0B0073CC9D /* Build configuration list for PBXNativeTarget "Snake" */;
			buildPhases = (
				4AE6375E2BFFBC0A0073CC9D /* Sources */,
				4AE6375F2BFFBC0A0073CC9D /* Frameworks */,
				4AE637602BFFBC0A0073CC9D /* Resources */,
			);
			buildRules = (
			);
			dependencies = (
			);
			name = Snake;
			productName = Snake;
			productReference = 4AE637622BFFBC0A0073CC9D /* Snake.app */;
			productType = "com.apple.product-type.application";
		};
		4AE637722BFFBC0B0073CC9D /* SnakeTests */ = {
			isa = PBXNativeTarget;
			buildConfigurationList = 4AE6378A2BFFBC0B0073CC9D /* Build configuration list for PBXNativeTarget "SnakeTests" */;
			buildPhases = (
				4AE6376F2BFFBC0B0073CC9D /* Sources */,
				4AE637702BFFBC0B0073CC9D /* Frameworks */,
				4AE637712BFFBC0B0073CC9D /* Resources */,
			);
			buildRules = (
			);
			dependencies = (
				4AE637752BFFBC0B0073CC9D /* PBXTargetDependency */,
			);
			name = SnakeTests;
			productName = SnakeTests;
			productReference = 4AE637732BFFBC0B0073CC9D /* SnakeTests.xctest */;
			productType = "com.apple.product-type.bundle.unit-test";
		};
		4AE6377C2BFFBC0B0073CC9D /* SnakeUITests */ = {
			isa = PBXNativeTarget;
			buildConfigurationList = 4AE6378D2BFFBC0B0073CC9D /* Build configuration list for PBXNativeTarget "SnakeUITests" */;
			buildPhases = (
				4AE637792BFFBC0B0073CC9D /* Sources */,
				4AE6377A2BFFBC0B0073CC9D /* Frameworks */,
				4AE6377B2BFFBC0B0073CC9D /* Resources */,
			);
			buildRules = (
			);
			dependencies = (
				4AE6377F2BFFBC0B0073CC9D /* PBXTargetDependency */,
			);
			name = SnakeUITests;
			productName = SnakeUITests;
			productReference = 4AE6377D2BFFBC0B0073CC9D /* SnakeUITests.xctest */;
			productType = "com.apple.product-type.bundle.ui-testing";
		};
/* End PBXNativeTarget section */

/* Begin PBXProject section */
		4AE6375A2BFFBC0A0073CC9D /* Project object */ = {
			isa = PBXProject;
			attributes = {
				BuildIndependentTargetsInParallel = 1;
				LastSwiftUpdateCheck = 1540;
				LastUpgradeCheck = 1540;
				TargetAttributes = {
					4AE637612BFFBC0A0073CC9D = {
						CreatedOnToolsVersion = 15.4;
					};
					4AE637722BFFBC0B0073CC9D = {
						CreatedOnToolsVersion = 15.4;
						TestTargetID = 4AE637612BFFBC0A0073CC9D;
					};
					4AE6377C2BFFBC0B0073CC9D = {
						CreatedOnToolsVersion = 15.4;
						TestTargetID = 4AE637612BFFBC0A0073CC9D;
					};
				};
			};
			buildConfigurationList = 4AE6375D2BFFBC0A0073CC9D /* Build configuration list for PBXProject "Snake" */;
			compatibilityVersion = "Xcode 14.0";
			developmentRegion = en;
			hasScannedForEncodings = 0;
			knownRegions = (
				en,
				Base,
			);
			mainGroup = 4AE637592BFFBC0A0073CC9D;
			productRefGroup = 4AE637632BFFBC0A0073CC9D /* Products */;
			projectDirPath = "";
			projectRoot = "";
			targets = (
				4AE637612BFFBC0A0073CC9D /* Snake */,
				4AE637722BFFBC0B0073CC9D /* SnakeTests */,
				4AE6377C2BFFBC0B0073CC9D /* SnakeUITests */,
			);
		};
/* End PBXProject section */

/* Begin PBXResourcesBuildPhase section */
		4AE637602BFFBC0A0073CC9D /* Resources */ = {
			isa = PBXResourcesBuildPhase;
			buildActionMask = 2147483647;
			files = (
				4AE6376E2BFFBC0B0073CC9D /* Preview Assets.xcassets in Resources */,
				4AE6376A2BFFBC0B0073CC9D /* Assets.xcassets in Resources */,
			);
			runOnlyForDeploymentPostprocessing = 0;
		};
		4AE637712BFFBC0B0073CC9D /* Resources */ = {
			isa = PBXResourcesBuildPhase;
			buildActionMask = 2147483647;
			files = (
			);
			runOnlyForDeploymentPostprocessing = 0;
		};
		4AE6377B2BFFBC0B0073CC9D /* Resources */ = {
			isa = PBXResourcesBuildPhase;
			buildActionMask = 2147483647;
			files = (
			);
			runOnlyForDeploymentPostprocessing = 0;
		};
/* End PBXResourcesBuildPhase section */

/* Begin PBXSourcesBuildPhase section */
		4AE6375E2BFFBC0A0073CC9D /* Sources */ = {
			isa = PBXSourcesBuildPhase;
			buildActionMask = 2147483647;
			files = (
				4AE637912BFFCAF90073CC9D /* GameViewViewModel.swift in Sources */,
				4AE637682BFFBC0A0073CC9D /* GameView.swift in Sources */,
				4AE637662BFFBC0A0073CC9D /* SnakeApp.swift in Sources */,
				4AB3C4622C00EC0A00F19487 /* StorageManager.swift in Sources */,
			);
			runOnlyForDeploymentPostprocessing = 0;
		};
		4AE6376F2BFFBC0B0073CC9D /* Sources */ = {
			isa = PBXSourcesBuildPhase;
			buildActionMask = 2147483647;
			files = (
				4AE637782BFFBC0B0073CC9D /* SnakeTests.swift in Sources */,
			);
			runOnlyForDeploymentPostprocessing = 0;
		};
		4AE637792BFFBC0B0073CC9D /* Sources */ = {
			isa = PBXSourcesBuildPhase;
			buildActionMask = 2147483647;
			files = (
				4AE637822BFFBC0B0073CC9D /* SnakeUITests.swift in Sources */,
				4AE637842BFFBC0B0073CC9D /* SnakeUITestsLaunchTests.swift in Sources */,
			);
			runOnlyForDeploymentPostprocessing = 0;
		};
/* End PBXSourcesBuildPhase section */

/* Begin PBXTargetDependency section */
		4AE637752BFFBC0B0073CC9D /* PBXTargetDependency */ = {
			isa = PBXTargetDependency;
			target = 4AE637612BFFBC0A0073CC9D /* Snake */;
			targetProxy = 4AE637742BFFBC0B0073CC9D /* PBXContainerItemProxy */;
		};
		4AE6377F2BFFBC0B0073CC9D /* PBXTargetDependency */ = {
			isa = PBXTargetDependency;
			target = 4AE637612BFFBC0A0073CC9D /* Snake */;
			targetProxy = 4AE6377E2BFFBC0B0073CC9D /* PBXContainerItemProxy */;
		};
/* End PBXTargetDependency section */

/* Begin XCBuildConfiguration section */
		4AE637852BFFBC0B0073CC9D /* Debug */ = {
			isa = XCBuildConfiguration;
			buildSettings = {
				ALWAYS_SEARCH_USER_PATHS = NO;
				ASSETCATALOG_COMPILER_GENERATE_SWIFT_ASSET_SYMBOL_EXTENSIONS = YES;
				CLANG_ANALYZER_NONNULL = YES;
				CLANG_ANALYZER_NUMBER_OBJECT_CONVERSION = YES_AGGRESSIVE;
				CLANG_CXX_LANGUAGE_STANDARD = "gnu++20";
				CLANG_ENABLE_MODULES = YES;
				CLANG_ENABLE_OBJC_ARC = YES;
				CLANG_ENABLE_OBJC_WEAK = YES;
				CLANG_WARN_BLOCK_CAPTURE_AUTORELEASING = YES;
				CLANG_WARN_BOOL_CONVERSION = YES;
				CLANG_WARN_COMMA = YES;
				CLANG_WARN_CONSTANT_CONVERSION = YES;
				CLANG_WARN_DEPRECATED_OBJC_IMPLEMENTATIONS = YES;
				CLANG_WARN_DIRECT_OBJC_ISA_USAGE = YES_ERROR;
				CLANG_WARN_DOCUMENTATION_COMMENTS = YES;
				CLANG_WARN_EMPTY_BODY = YES;
				CLANG_WARN_ENUM_CONVERSION = YES;
				CLANG_WARN_INFINITE_RECURSION = YES;
				CLANG_WARN_INT_CONVERSION = YES;
				CLANG_WARN_NON_LITERAL_NULL_CONVERSION = YES;
				CLANG_WARN_OBJC_IMPLICIT_RETAIN_SELF = YES;
				CLANG_WARN_OBJC_LITERAL_CONVERSION = YES;
				CLANG_WARN_OBJC_ROOT_CLASS = YES_ERROR;
				CLANG_WARN_QUOTED_INCLUDE_IN_FRAMEWORK_HEADER = YES;
				CLANG_WARN_RANGE_LOOP_ANALYSIS = YES;
				CLANG_WARN_STRICT_PROTOTYPES = YES;
				CLANG_WARN_SUSPICIOUS_MOVE = YES;
				CLANG_WARN_UNGUARDED_AVAILABILITY = YES_AGGRESSIVE;
				CLANG_WARN_UNREACHABLE_CODE = YES;
				CLANG_WARN__DUPLICATE_METHOD_MATCH = YES;
				COPY_PHASE_STRIP = NO;
				DEBUG_INFORMATION_FORMAT = dwarf;
				ENABLE_STRICT_OBJC_MSGSEND = YES;
				ENABLE_TESTABILITY = YES;
				ENABLE_USER_SCRIPT_SANDBOXING = YES;
				GCC_C_LANGUAGE_STANDARD = gnu17;
				GCC_DYNAMIC_NO_PIC = NO;
				GCC_NO_COMMON_BLOCKS = YES;
				GCC_OPTIMIZATION_LEVEL = 0;
				GCC_PREPROCESSOR_DEFINITIONS = (
					"DEBUG=1",
					"$(inherited)",
				);
				GCC_WARN_64_TO_32_BIT_CONVERSION = YES;
				GCC_WARN_ABOUT_RETURN_TYPE = YES_ERROR;
				GCC_WARN_UNDECLARED_SELECTOR = YES;
				GCC_WARN_UNINITIALIZED_AUTOS = YES_AGGRESSIVE;
				GCC_WARN_UNUSED_FUNCTION = YES;
				GCC_WARN_UNUSED_VARIABLE = YES;
				LOCALIZATION_PREFERS_STRING_CATALOGS = YES;
				MTL_ENABLE_DEBUG_INFO = INCLUDE_SOURCE;
				MTL_FAST_MATH = YES;
				ONLY_ACTIVE_ARCH = YES;
				SWIFT_ACTIVE_COMPILATION_CONDITIONS = "DEBUG $(inherited)";
				SWIFT_OPTIMIZATION_LEVEL = "-Onone";
			};
			name = Debug;
		};
		4AE637862BFFBC0B0073CC9D /* Release */ = {
			isa = XCBuildConfiguration;
			buildSettings = {
				ALWAYS_SEARCH_USER_PATHS = NO;
				ASSETCATALOG_COMPILER_GENERATE_SWIFT_ASSET_SYMBOL_EXTENSIONS = YES;
				CLANG_ANALYZER_NONNULL = YES;
				CLANG_ANALYZER_NUMBER_OBJECT_CONVERSION = YES_AGGRESSIVE;
				CLANG_CXX_LANGUAGE_STANDARD = "gnu++20";
				CLANG_ENABLE_MODULES = YES;
				CLANG_ENABLE_OBJC_ARC = YES;
				CLANG_ENABLE_OBJC_WEAK = YES;
				CLANG_WARN_BLOCK_CAPTURE_AUTORELEASING = YES;
				CLANG_WARN_BOOL_CONVERSION = YES;
				CLANG_WARN_COMMA = YES;
				CLANG_WARN_CONSTANT_CONVERSION = YES;
				CLANG_WARN_DEPRECATED_OBJC_IMPLEMENTATIONS = YES;
				CLANG_WARN_DIRECT_OBJC_ISA_USAGE = YES_ERROR;
				CLANG_WARN_DOCUMENTATION_COMMENTS = YES;
				CLANG_WARN_EMPTY_BODY = YES;
				CLANG_WARN_ENUM_CONVERSION = YES;
				CLANG_WARN_INFINITE_RECURSION = YES;
				CLANG_WARN_INT_CONVERSION = YES;
				CLANG_WARN_NON_LITERAL_NULL_CONVERSION = YES;
				CLANG_WARN_OBJC_IMPLICIT_RETAIN_SELF = YES;
				CLANG_WARN_OBJC_LITERAL_CONVERSION = YES;
				CLANG_WARN_OBJC_ROOT_CLASS = YES_ERROR;
				CLANG_WARN_QUOTED_INCLUDE_IN_FRAMEWORK_HEADER = YES;
				CLANG_WARN_RANGE_LOOP_ANALYSIS = YES;
				CLANG_WARN_STRICT_PROTOTYPES = YES;
				CLANG_WARN_SUSPICIOUS_MOVE = YES;
				CLANG_WARN_UNGUARDED_AVAILABILITY = YES_AGGRESSIVE;
				CLANG_WARN_UNREACHABLE_CODE = YES;
				CLANG_WARN__DUPLICATE_METHOD_MATCH = YES;
				COPY_PHASE_STRIP = NO;
				DEBUG_INFORMATION_FORMAT = "dwarf-with-dsym";
				ENABLE_NS_ASSERTIONS = NO;
				ENABLE_STRICT_OBJC_MSGSEND = YES;
				ENABLE_USER_SCRIPT_SANDBOXING = YES;
				GCC_C_LANGUAGE_STANDARD = gnu17;
				GCC_NO_COMMON_BLOCKS = YES;
				GCC_WARN_64_TO_32_BIT_CONVERSION = YES;
				GCC_WARN_ABOUT_RETURN_TYPE = YES_ERROR;
				GCC_WARN_UNDECLARED_SELECTOR = YES;
				GCC_WARN_UNINITIALIZED_AUTOS = YES_AGGRESSIVE;
				GCC_WARN_UNUSED_FUNCTION = YES;
				GCC_WARN_UNUSED_VARIABLE = YES;
				LOCALIZATION_PREFERS_STRING_CATALOGS = YES;
				MTL_ENABLE_DEBUG_INFO = NO;
				MTL_FAST_MATH = YES;
				SWIFT_COMPILATION_MODE = wholemodule;
			};
			name = Release;
		};
		4AE637882BFFBC0B0073CC9D /* Debug */ = {
			isa = XCBuildConfiguration;
			buildSettings = {
				ASSETCATALOG_COMPILER_APPICON_NAME = AppIcon;
				ASSETCATALOG_COMPILER_GLOBAL_ACCENT_COLOR_NAME = AccentColor;
				CODE_SIGN_ENTITLEMENTS = Snake/Snake.entitlements;
				CODE_SIGN_STYLE = Automatic;
				CURRENT_PROJECT_VERSION = 1;
				DEVELOPMENT_ASSET_PATHS = "\"Snake/Preview Content\"";
				DEVELOPMENT_TEAM = BXF9HQJ7TY;
				ENABLE_HARDENED_RUNTIME = YES;
				ENABLE_PREVIEWS = YES;
				GENERATE_INFOPLIST_FILE = YES;
				"INFOPLIST_KEY_UIApplicationSceneManifest_Generation[sdk=iphoneos*]" = YES;
				"INFOPLIST_KEY_UIApplicationSceneManifest_Generation[sdk=iphonesimulator*]" = YES;
				"INFOPLIST_KEY_UIApplicationSupportsIndirectInputEvents[sdk=iphoneos*]" = YES;
				"INFOPLIST_KEY_UIApplicationSupportsIndirectInputEvents[sdk=iphonesimulator*]" = YES;
				"INFOPLIST_KEY_UILaunchScreen_Generation[sdk=iphoneos*]" = YES;
				"INFOPLIST_KEY_UILaunchScreen_Generation[sdk=iphonesimulator*]" = YES;
				"INFOPLIST_KEY_UIStatusBarStyle[sdk=iphoneos*]" = UIStatusBarStyleDefault;
				"INFOPLIST_KEY_UIStatusBarStyle[sdk=iphonesimulator*]" = UIStatusBarStyleDefault;
				INFOPLIST_KEY_UISupportedInterfaceOrientations_iPad = "UIInterfaceOrientationPortrait UIInterfaceOrientationPortraitUpsideDown UIInterfaceOrientationLandscapeLeft UIInterfaceOrientationLandscapeRight";
				INFOPLIST_KEY_UISupportedInterfaceOrientations_iPhone = "UIInterfaceOrientationPortrait UIInterfaceOrientationLandscapeLeft UIInterfaceOrientationLandscapeRight";
				IPHONEOS_DEPLOYMENT_TARGET = 17.5;
				LD_RUNPATH_SEARCH_PATHS = "@executable_path/Frameworks";
				"LD_RUNPATH_SEARCH_PATHS[sdk=macosx*]" = "@executable_path/../Frameworks";
				MACOSX_DEPLOYMENT_TARGET = 14.5;
				MARKETING_VERSION = 1.0;
				PRODUCT_BUNDLE_IDENTIFIER = asyanix.Snake;
				PRODUCT_NAME = "$(TARGET_NAME)";
				SDKROOT = auto;
				SUPPORTED_PLATFORMS = "iphoneos iphonesimulator macosx";
				SWIFT_EMIT_LOC_STRINGS = YES;
				SWIFT_VERSION = 5.0;
				TARGETED_DEVICE_FAMILY = "1,2";
			};
			name = Debug;
		};
		4AE637892BFFBC0B0073CC9D /* Release */ = {
			isa = XCBuildConfiguration;
			buildSettings = {
				ASSETCATALOG_COMPILER_APPICON_NAME = AppIcon;
				ASSETCATALOG_COMPILER_GLOBAL_ACCENT_COLOR_NAME = AccentColor;
				CODE_SIGN_ENTITLEMENTS = Snake/Snake.entitlements;
				CODE_SIGN_STYLE = Automatic;
				CURRENT_PROJECT_VERSION = 1;
				DEVELOPMENT_ASSET_PATHS = "\"Snake/Preview Content\"";
				DEVELOPMENT_TEAM = BXF9HQJ7TY;
				ENABLE_HARDENED_RUNTIME = YES;
				ENABLE_PREVIEWS = YES;
				GENERATE_INFOPLIST_FILE = YES;
				"INFOPLIST_KEY_UIApplicationSceneManifest_Generation[sdk=iphoneos*]" = YES;
				"INFOPLIST_KEY_UIApplicationSceneManifest_Generation[sdk=iphonesimulator*]" = YES;
				"INFOPLIST_KEY_UIApplicationSupportsIndirectInputEvents[sdk=iphoneos*]" = YES;
				"INFOPLIST_KEY_UIApplicationSupportsIndirectInputEvents[sdk=iphonesimulator*]" = YES;
				"INFOPLIST_KEY_UILaunchScreen_Generation[sdk=iphoneos*]" = YES;
				"INFOPLIST_KEY_UILaunchScreen_Generation[sdk=iphonesimulator*]" = YES;
				"INFOPLIST_KEY_UIStatusBarStyle[sdk=iphoneos*]" = UIStatusBarStyleDefault;
				"INFOPLIST_KEY_UIStatusBarStyle[sdk=iphonesimulator*]" = UIStatusBarStyleDefault;
				INFOPLIST_KEY_UISupportedInterfaceOrientations_iPad = "UIInterfaceOrientationPortrait UIInterfaceOrientationPortraitUpsideDown UIInterfaceOrientationLandscapeLeft UIInterfaceOrientationLandscapeRight";
				INFOPLIST_KEY_UISupportedInterfaceOrientations_iPhone = "UIInterfaceOrientationPortrait UIInterfaceOrientationLandscapeLeft UIInterfaceOrientationLandscapeRight";
				IPHONEOS_DEPLOYMENT_TARGET = 17.5;
				LD_RUNPATH_SEARCH_PATHS = "@executable_path/Frameworks";
				"LD_RUNPATH_SEARCH_PATHS[sdk=macosx*]" = "@executable_path/../Frameworks";
				MACOSX_DEPLOYMENT_TARGET = 14.5;
				MARKETING_VERSION = 1.0;
				PRODUCT_BUNDLE_IDENTIFIER = asyanix.Snake;
				PRODUCT_NAME = "$(TARGET_NAME)";
				SDKROOT = auto;
				SUPPORTED_PLATFORMS = "iphoneos iphonesimulator macosx";
				SWIFT_EMIT_LOC_STRINGS = YES;
				SWIFT_VERSION = 5.0;
				TARGETED_DEVICE_FAMILY = "1,2";
			};
			name = Release;
		};
		4AE6378B2BFFBC0B0073CC9D /* Debug */ = {
			isa = XCBuildConfiguration;
			buildSettings = {
				ALWAYS_EMBED_SWIFT_STANDARD_LIBRARIES = YES;
				BUNDLE_LOADER = "$(TEST_HOST)";
				CODE_SIGN_STYLE = Automatic;
				CURRENT_PROJECT_VERSION = 1;
				DEVELOPMENT_TEAM = BXF9HQJ7TY;
				GENERATE_INFOPLIST_FILE = YES;
				IPHONEOS_DEPLOYMENT_TARGET = 17.5;
				MACOSX_DEPLOYMENT_TARGET = 14.5;
				MARKETING_VERSION = 1.0;
				PRODUCT_BUNDLE_IDENTIFIER = asyanix.SnakeTests;
				PRODUCT_NAME = "$(TARGET_NAME)";
				SDKROOT = auto;
				SUPPORTED_PLATFORMS = "iphoneos iphonesimulator macosx";
				SWIFT_EMIT_LOC_STRINGS = NO;
				SWIFT_VERSION = 5.0;
				TARGETED_DEVICE_FAMILY = "1,2";
				TEST_HOST = "$(BUILT_PRODUCTS_DIR)/Snake.app/$(BUNDLE_EXECUTABLE_FOLDER_PATH)/Snake";
			};
			name = Debug;
		};
		4AE6378C2BFFBC0B0073CC9D /* Release */ = {
			isa = XCBuildConfiguration;
			buildSettings = {
				ALWAYS_EMBED_SWIFT_STANDARD_LIBRARIES = YES;
				BUNDLE_LOADER = "$(TEST_HOST)";
				CODE_SIGN_STYLE = Automatic;
				CURRENT_PROJECT_VERSION = 1;
				DEVELOPMENT_TEAM = BXF9HQJ7TY;
				GENERATE_INFOPLIST_FILE = YES;
				IPHONEOS_DEPLOYMENT_TARGET = 17.5;
				MACOSX_DEPLOYMENT_TARGET = 14.5;
				MARKETING_VERSION = 1.0;
				PRODUCT_BUNDLE_IDENTIFIER = asyanix.SnakeTests;
				PRODUCT_NAME = "$(TARGET_NAME)";
				SDKROOT = auto;
				SUPPORTED_PLATFORMS = "iphoneos iphonesimulator macosx";
				SWIFT_EMIT_LOC_STRINGS = NO;
				SWIFT_VERSION = 5.0;
				TARGETED_DEVICE_FAMILY = "1,2";
				TEST_HOST = "$(BUILT_PRODUCTS_DIR)/Snake.app/$(BUNDLE_EXECUTABLE_FOLDER_PATH)/Snake";
			};
			name = Release;
		};
		4AE6378E2BFFBC0B0073CC9D /* Debug */ = {
			isa = XCBuildConfiguration;
			buildSettings = {
				ALWAYS_EMBED_SWIFT_STANDARD_LIBRARIES = YES;
				CODE_SIGN_STYLE = Automatic;
				CURRENT_PROJECT_VERSION = 1;
				DEVELOPMENT_TEAM = BXF9HQJ7TY;
				GENERATE_INFOPLIST_FILE = YES;
				IPHONEOS_DEPLOYMENT_TARGET = 17.5;
				MACOSX_DEPLOYMENT_TARGET = 14.5;
				MARKETING_VERSION = 1.0;
				PRODUCT_BUNDLE_IDENTIFIER = asyanix.SnakeUITests;
				PRODUCT_NAME = "$(TARGET_NAME)";
				SDKROOT = auto;
				SUPPORTED_PLATFORMS = "iphoneos iphonesimulator macosx";
				SWIFT_EMIT_LOC_STRINGS = NO;
				SWIFT_VERSION = 5.0;
				TARGETED_DEVICE_FAMILY = "1,2";
				TEST_TARGET_NAME = Snake;
			};
			name = Debug;
		};
		4AE6378F2BFFBC0B0073CC9D /* Release */ = {
			isa = XCBuildConfiguration;
			buildSettings = {
				ALWAYS_EMBED_SWIFT_STANDARD_LIBRARIES = YES;
				CODE_SIGN_STYLE = Automatic;
				CURRENT_PROJECT_VERSION = 1;
				DEVELOPMENT_TEAM = BXF9HQJ7TY;
				GENERATE_INFOPLIST_FILE = YES;
				IPHONEOS_DEPLOYMENT_TARGET = 17.5;
				MACOSX_DEPLOYMENT_TARGET = 14.5;
				MARKETING_VERSION = 1.0;
				PRODUCT_BUNDLE_IDENTIFIER = asyanix.SnakeUITests;
				PRODUCT_NAME = "$(TARGET_NAME)";
				SDKROOT = auto;
				SUPPORTED_PLATFORMS = "iphoneos iphonesimulator macosx";
				SWIFT_EMIT_LOC_STRINGS = NO;
				SWIFT_VERSION = 5.0;
				TARGETED_DEVICE_FAMILY = "1,2";
				TEST_TARGET_NAME = Snake;
			};
			name = Release;
		};
/* End XCBuildConfiguration section */

/* Begin XCConfigurationList section */
		4AE6375D2BFFBC0A0073CC9D /* Build configuration list for PBXProject "Snake" */ = {
			isa = XCConfigurationList;
			buildConfigurations = (
				4AE637852BFFBC0B0073CC9D /* Debug */,
				4AE637862BFFBC0B0073CC9D /* Release */,
			);
			defaultConfigurationIsVisible = 0;
			defaultConfigurationName = Release;
		};
		4AE637872BFFBC0B0073CC9D /* Build configuration list for PBXNativeTarget "Snake" */ = {
			isa = XCConfigurationList;
			buildConfigurations = (
				4AE637882BFFBC0B0073CC9D /* Debug */,
				4AE637892BFFBC0B0073CC9D /* Release */,
			);
			defaultConfigurationIsVisible = 0;
			defaultConfigurationName = Release;
		};
		4AE6378A2BFFBC0B0073CC9D /* Build configuration list for PBXNativeTarget "SnakeTests" */ = {
			isa = XCConfigurationList;
			buildConfigurations = (
				4AE6378B2BFFBC0B0073CC9D /* Debug */,
				4AE6378C2BFFBC0B0073CC9D /* Release */,
			);
			defaultConfigurationIsVisible = 0;
			defaultConfigurationName = Release;
		};
		4AE6378D2BFFBC0B0073CC9D /* Build configuration list for PBXNativeTarget "SnakeUITests" */ = {
			isa = XCConfigurationList;
			buildConfigurations = (
				4AE6378E2BFFBC0B0073CC9D /* Debug */,
				4AE6378F2BFFBC0B0073CC9D /* Release */,
			);
			defaultConfigurationIsVisible = 0;
			defaultConfigurationName = Release;
		};
/* End XCConfigurationList section */
	};
	rootObject = 4AE6375A2BFFBC0A0073CC9D /* Project object */;
}
